<?xml version="1.0" encoding="utf-8"?>
<Project ToolsVersion="4.0" xmlns="http://schemas.microsoft.com/developer/msbuild/2003">
  <ItemGroup>
    <Filter Include="源文件">
      <UniqueIdentifier>{4FC737F1-C7A5-4376-A066-2A32D752A2FF}</UniqueIdentifier>
      <Extensions>cpp;c;cc;cxx;c++;cppm;ixx;def;odl;idl;hpj;bat;asm;asmx</Extensions>
    </Filter>
    <Filter Include="头文件">
      <UniqueIdentifier>{93995380-89BD-4b04-88EB-625FBE52EBFB}</UniqueIdentifier>
      <Extensions>h;hh;hpp;hxx;h++;hm;inl;inc;ipp;xsd</Extensions>
    </Filter>
    <Filter Include="资源文件">
      <UniqueIdentifier>{67DA6AB6-F800-4c08-8B7A-83BB121AAD01}</UniqueIdentifier>
      <Extensions>rc;ico;cur;bmp;dlg;rc2;rct;bin;rgs;gif;jpg;jpeg;jpe;resx;tiff;tif;png;wav;mfcribbon-ms</Extensions>
    </Filter>
    <Filter Include="头文件\graphics">
      <UniqueIdentifier>{9f2f459d-2715-465c-a139-4bac505a3685}</UniqueIdentifier>
    </Filter>
    <Filter Include="源文件\graphics">
      <UniqueIdentifier>{3f9920be-2e8d-4605-a30d-f8280cfa100a}</UniqueIdentifier>
    </Filter>
  </ItemGroup>
  <ItemGroup>
    <ClInclude Include="SDL_utils.h">
      <Filter>头文件</Filter>
    </ClInclude>
    <ClInclude Include="engine.h">
      <Filter>头文件</Filter>
    </ClInclude>
    <ClInclude Include="resource.h">
      <Filter>头文件</Filter>
    </ClInclude>
    <ClInclude Include="graphics.h">
      <Filter>头文件\graphics</Filter>
    </ClInclude>
    <ClInclude Include="image.h">
      <Filter>头文件\graphics</Filter>
    </ClInclude>
  </ItemGroup>
  <ItemGroup>
    <ClCompile Include="main.c" />
    <ClCompile Include="SDL_utils.c">
      <Filter>源文件</Filter>
    </ClCompile>
    <ClCompile Include="engine.c">
      <Filter>源文件</Filter>
    </ClCompile>
    <ClCompile Include="graphics.c">
      <Filter>源文件\graphics</Filter>
    </ClCompile>
  </ItemGroup>
  <ItemGroup>
    <None Include="main.lua" />
    <None Include="conf.lua" />
  </ItemGroup>
  <ItemGroup>
    <Image Include="D:\workspace\love2d\Love2D-Template-master\assets\sprites\sprites\sprite_sheet.png">
      <Filter>资源文件</Filter>
    </Image>
  </ItemGroup>
</Project>